// !$*UTF8*$!
{
	archiveVersion = 1;
	classes = {
	};
	objectVersion = 56;
	objects = {

/* Begin PBXBuildFile section */
		8852A4A829A5A25400A539E5 /* burpee.mp4 in Resources */ = {isa = PBXBuildFile; fileRef = 8852A4A429A5A25400A539E5 /* burpee.mp4 */; };
		8852A4A929A5A25400A539E5 /* squat.mp4 in Resources */ = {isa = PBXBuildFile; fileRef = 8852A4A529A5A25400A539E5 /* squat.mp4 */; };
		8852A4AA29A5A25400A539E5 /* sun-salute.mp4 in Resources */ = {isa = PBXBuildFile; fileRef = 8852A4A629A5A25400A539E5 /* sun-salute.mp4 */; };
		8852A4AB29A5A25400A539E5 /* step-up.mp4 in Resources */ = {isa = PBXBuildFile; fileRef = 8852A4A729A5A25400A539E5 /* step-up.mp4 */; };
		8879146329A5957700B6EE6C /* AppHIITFitApp.swift in Sources */ = {isa = PBXBuildFile; fileRef = 8879146229A5957700B6EE6C /* AppHIITFitApp.swift */; };
		8879146529A5957700B6EE6C /* ContentView.swift in Sources */ = {isa = PBXBuildFile; fileRef = 8879146429A5957700B6EE6C /* ContentView.swift */; };
		8879146729A5957900B6EE6C /* Assets.xcassets in Resources */ = {isa = PBXBuildFile; fileRef = 8879146629A5957900B6EE6C /* Assets.xcassets */; };
		8879146A29A5957900B6EE6C /* Preview Assets.xcassets in Resources */ = {isa = PBXBuildFile; fileRef = 8879146929A5957900B6EE6C /* Preview Assets.xcassets */; };
		8879147129A59DA800B6EE6C /* WelcomeView.swift in Sources */ = {isa = PBXBuildFile; fileRef = 8879147029A59DA800B6EE6C /* WelcomeView.swift */; };
		8879147329A59DC100B6EE6C /* ExerciseView.swift in Sources */ = {isa = PBXBuildFile; fileRef = 8879147229A59DC000B6EE6C /* ExerciseView.swift */; };
/* End PBXBuildFile section */

/* Begin PBXFileReference section */
		8852A4A429A5A25400A539E5 /* burpee.mp4 */ = {isa = PBXFileReference; lastKnownFileType = file; name = burpee.mp4; path = ../../../../../../Downloads/burpee.mp4; sourceTree = "<group>"; };
		8852A4A529A5A25400A539E5 /* squat.mp4 */ = {isa = PBXFileReference; lastKnownFileType = file; name = squat.mp4; path = ../../../../../../Downloads/squat.mp4; sourceTree = "<group>"; };
		8852A4A629A5A25400A539E5 /* sun-salute.mp4 */ = {isa = PBXFileReference; lastKnownFileType = file; name = "sun-salute.mp4"; path = "../../../../../../Downloads/sun-salute.mp4"; sourceTree = "<group>"; };
		8852A4A729A5A25400A539E5 /* step-up.mp4 */ = {isa = PBXFileReference; lastKnownFileType = file; name = "step-up.mp4"; path = "../../../../../../Downloads/step-up.mp4"; sourceTree = "<group>"; };
		8879145F29A5957700B6EE6C /* AppHIITFit.app */ = {isa = PBXFileReference; explicitFileType = wrapper.application; includeInIndex = 0; path = AppHIITFit.app; sourceTree = BUILT_PRODUCTS_DIR; };
		8879146229A5957700B6EE6C /* AppHIITFitApp.swift */ = {isa = PBXFileReference; lastKnownFileType = sourcecode.swift; path = AppHIITFitApp.swift; sourceTree = "<group>"; };
		8879146429A5957700B6EE6C /* ContentView.swift */ = {isa = PBXFileReference; lastKnownFileType = sourcecode.swift; path = ContentView.swift; sourceTree = "<group>"; };
		8879146629A5957900B6EE6C /* Assets.xcassets */ = {isa = PBXFileReference; lastKnownFileType = folder.assetcatalog; path = Assets.xcassets; sourceTree = "<group>"; };
		8879146929A5957900B6EE6C /* Preview Assets.xcassets */ = {isa = PBXFileReference; lastKnownFileType = folder.assetcatalog; path = "Preview Assets.xcassets"; sourceTree = "<group>"; };
		8879147029A59DA800B6EE6C /* WelcomeView.swift */ = {isa = PBXFileReference; lastKnownFileType = sourcecode.swift; path = WelcomeView.swift; sourceTree = "<group>"; };
		8879147229A59DC000B6EE6C /* ExerciseView.swift */ = {isa = PBXFileReference; lastKnownFileType = sourcecode.swift; path = ExerciseView.swift; sourceTree = "<group>"; };
/* End PBXFileReference section */

/* Begin PBXFrameworksBuildPhase section */
		8879145C29A5957700B6EE6C /* Frameworks */ = {
			isa = PBXFrameworksBuildPhase;
			buildActionMask = 2147483647;
			files = (
			);
			runOnlyForDeploymentPostprocessing = 0;
		};
/* End PBXFrameworksBuildPhase section */

/* Begin PBXGroup section */
		8852A4A329A5A22200A539E5 /* Videos */ = {
			isa = PBXGroup;
			children = (
				8852A4A429A5A25400A539E5 /* burpee.mp4 */,
				8852A4A529A5A25400A539E5 /* squat.mp4 */,
				8852A4A729A5A25400A539E5 /* step-up.mp4 */,
				8852A4A629A5A25400A539E5 /* sun-salute.mp4 */,
			);
			path = Videos;
			sourceTree = "<group>";
		};
		8879145629A5957700B6EE6C = {
			isa = PBXGroup;
			children = (
				8879146129A5957700B6EE6C /* AppHIITFit */,
				8879146029A5957700B6EE6C /* Products */,
			);
			sourceTree = "<group>";
		};
		8879146029A5957700B6EE6C /* Products */ = {
			isa = PBXGroup;
			children = (
				8879145F29A5957700B6EE6C /* AppHIITFit.app */,
			);
			name = Products;
			sourceTree = "<group>";
		};
		8879146129A5957700B6EE6C /* AppHIITFit */ = {
			isa = PBXGroup;
			children = (
				8852A4A329A5A22200A539E5 /* Videos */,
				8879146229A5957700B6EE6C /* AppHIITFitApp.swift */,
				8879147429A59E0B00B6EE6C /* Views */,
				8879146629A5957900B6EE6C /* Assets.xcassets */,
				8879146829A5957900B6EE6C /* Preview Content */,
			);
			path = AppHIITFit;
			sourceTree = "<group>";
		};
		8879146829A5957900B6EE6C /* Preview Content */ = {
			isa = PBXGroup;
			children = (
				8879146929A5957900B6EE6C /* Preview Assets.xcassets */,
			);
			path = "Preview Content";
			sourceTree = "<group>";
		};
		8879147429A59E0B00B6EE6C /* Views */ = {
			isa = PBXGroup;
			children = (
				8879147229A59DC000B6EE6C /* ExerciseView.swift */,
				8879147029A59DA800B6EE6C /* WelcomeView.swift */,
				8879146429A5957700B6EE6C /* ContentView.swift */,
			);
			path = Views;
			sourceTree = "<group>";
		};
/* End PBXGroup section */

/* Begin PBXNativeTarget section */
		8879145E29A5957700B6EE6C /* AppHIITFit */ = {
			isa = PBXNativeTarget;
			buildConfigurationList = 8879146D29A5957900B6EE6C /* Build configuration list for PBXNativeTarget "AppHIITFit" */;
			buildPhases = (
				8879145B29A5957700B6EE6C /* Sources */,
				8879145C29A5957700B6EE6C /* Frameworks */,
				8879145D29A5957700B6EE6C /* Resources */,
			);
			buildRules = (
			);
			dependencies = (
			);
			name = AppHIITFit;
			productName = AppHIITFit;
			productReference = 8879145F29A5957700B6EE6C /* AppHIITFit.app */;
			productType = "com.apple.product-type.application";
		};
/* End PBXNativeTarget section */

/* Begin PBXProject section */
		8879145729A5957700B6EE6C /* Project object */ = {
			isa = PBXProject;
			attributes = {
				BuildIndependentTargetsInParallel = 1;
				LastSwiftUpdateCheck = 1420;
				LastUpgradeCheck = 1420;
				TargetAttributes = {
					8879145E29A5957700B6EE6C = {
						CreatedOnToolsVersion = 14.2;
					};
				};
			};
			buildConfigurationList = 8879145A29A5957700B6EE6C /* Build configuration list for PBXProject "AppHIITFit" */;
			compatibilityVersion = "Xcode 14.0";
			developmentRegion = en;
			hasScannedForEncodings = 0;
			knownRegions = (
				en,
				Base,
			);
			mainGroup = 8879145629A5957700B6EE6C;
			productRefGroup = 8879146029A5957700B6EE6C /* Products */;
			projectDirPath = "";
			projectRoot = "";
			targets = (
				8879145E29A5957700B6EE6C /* AppHIITFit */,
			);
		};
/* End PBXProject section */

/* Begin PBXResourcesBuildPhase section */
		8879145D29A5957700B6EE6C /* Resources */ = {
			isa = PBXResourcesBuildPhase;
			buildActionMask = 2147483647;
			files = (
				8879146A29A5957900B6EE6C /* Preview Assets.xcassets in Resources */,
				8879146729A5957900B6EE6C /* Assets.xcassets in Resources */,
				8852A4AB29A5A25400A539E5 /* step-up.mp4 in Resources */,
				8852A4A929A5A25400A539E5 /* squat.mp4 in Resources */,
				8852A4AA29A5A25400A539E5 /* sun-salute.mp4 in Resources */,
				8852A4A829A5A25400A539E5 /* burpee.mp4 in Resources */,
			);
			runOnlyForDeploymentPostprocessing = 0;
		};
/* End PBXResourcesBuildPhase section */

/* Begin PBXSourcesBuildPhase section */
		8879145B29A5957700B6EE6C /* Sources */ = {
			isa = PBXSourcesBuildPhase;
			buildActionMask = 2147483647;
			files = (
				8879147329A59DC100B6EE6C /* ExerciseView.swift in Sources */,
				8879146529A5957700B6EE6C /* ContentView.swift in Sources */,
				8879147129A59DA800B6EE6C /* WelcomeView.swift in Sources */,
				8879146329A5957700B6EE6C /* AppHIITFitApp.swift in Sources */,
			);
			runOnlyForDeploymentPostprocessing = 0;
		};
/* End PBXSourcesBuildPhase section */

/* Begin XCBuildConfiguration section */
		8879146B29A5957900B6EE6C /* Debug */ = {
			isa = XCBuildConfiguration;
			buildSettings = {
				ALWAYS_SEARCH_USER_PATHS = NO;
				CLANG_ANALYZER_NONNULL = YES;
				CLANG_ANALYZER_NUMBER_OBJECT_CONVERSION = YES_AGGRESSIVE;
				CLANG_CXX_LANGUAGE_STANDARD = "gnu++20";
				CLANG_ENABLE_MODULES = YES;
				CLANG_ENABLE_OBJC_ARC = YES;
				CLANG_ENABLE_OBJC_WEAK = YES;
				CLANG_WARN_BLOCK_CAPTURE_AUTORELEASING = YES;
				CLANG_WARN_BOOL_CONVERSION = YES;
				CLANG_WARN_COMMA = YES;
				CLANG_WARN_CONSTANT_CONVERSION = YES;
				CLANG_WARN_DEPRECATED_OBJC_IMPLEMENTATIONS = YES;
				CLANG_WARN_DIRECT_OBJC_ISA_USAGE = YES_ERROR;
				CLANG_WARN_DOCUMENTATION_COMMENTS = YES;
				CLANG_WARN_EMPTY_BODY = YES;
				CLANG_WARN_ENUM_CONVERSION = YES;
				CLANG_WARN_INFINITE_RECURSION = YES;
				CLANG_WARN_INT_CONVERSION = YES;
				CLANG_WARN_NON_LITERAL_NULL_CONVERSION = YES;
				CLANG_WARN_OBJC_IMPLICIT_RETAIN_SELF = YES;
				CLANG_WARN_OBJC_LITERAL_CONVERSION = YES;
				CLANG_WARN_OBJC_ROOT_CLASS = YES_ERROR;
				CLANG_WARN_QUOTED_INCLUDE_IN_FRAMEWORK_HEADER = YES;
				CLANG_WARN_RANGE_LOOP_ANALYSIS = YES;
				CLANG_WARN_STRICT_PROTOTYPES = YES;
				CLANG_WARN_SUSPICIOUS_MOVE = YES;
				CLANG_WARN_UNGUARDED_AVAILABILITY = YES_AGGRESSIVE;
				CLANG_WARN_UNREACHABLE_CODE = YES;
				CLANG_WARN__DUPLICATE_METHOD_MATCH = YES;
				COPY_PHASE_STRIP = NO;
				DEBUG_INFORMATION_FORMAT = dwarf;
				ENABLE_STRICT_OBJC_MSGSEND = YES;
				ENABLE_TESTABILITY = YES;
				GCC_C_LANGUAGE_STANDARD = gnu11;
				GCC_DYNAMIC_NO_PIC = NO;
				GCC_NO_COMMON_BLOCKS = YES;
				GCC_OPTIMIZATION_LEVEL = 0;
				GCC_PREPROCESSOR_DEFINITIONS = (
					"DEBUG=1",
					"$(inherited)",
				);
				GCC_WARN_64_TO_32_BIT_CONVERSION = YES;
				GCC_WARN_ABOUT_RETURN_TYPE = YES_ERROR;
				GCC_WARN_UNDECLARED_SELECTOR = YES;
				GCC_WARN_UNINITIALIZED_AUTOS = YES_AGGRESSIVE;
				GCC_WARN_UNUSED_FUNCTION = YES;
				GCC_WARN_UNUSED_VARIABLE = YES;
				IPHONEOS_DEPLOYMENT_TARGET = 16.2;
				MTL_ENABLE_DEBUG_INFO = INCLUDE_SOURCE;
				MTL_FAST_MATH = YES;
				ONLY_ACTIVE_ARCH = YES;
				SDKROOT = iphoneos;
				SWIFT_ACTIVE_COMPILATION_CONDITIONS = DEBUG;
				SWIFT_OPTIMIZATION_LEVEL = "-Onone";
			};
			name = Debug;
		};
		8879146C29A5957900B6EE6C /* Release */ = {
			isa = XCBuildConfiguration;
			buildSettings = {
				ALWAYS_SEARCH_USER_PATHS = NO;
				CLANG_ANALYZER_NONNULL = YES;
				CLANG_ANALYZER_NUMBER_OBJECT_CONVERSION = YES_AGGRESSIVE;
				CLANG_CXX_LANGUAGE_STANDARD = "gnu++20";
				CLANG_ENABLE_MODULES = YES;
				CLANG_ENABLE_OBJC_ARC = YES;
				CLANG_ENABLE_OBJC_WEAK = YES;
				CLANG_WARN_BLOCK_CAPTURE_AUTORELEASING = YES;
				CLANG_WARN_BOOL_CONVERSION = YES;
				CLANG_WARN_COMMA = YES;
				CLANG_WARN_CONSTANT_CONVERSION = YES;
				CLANG_WARN_DEPRECATED_OBJC_IMPLEMENTATIONS = YES;
				CLANG_WARN_DIRECT_OBJC_ISA_USAGE = YES_ERROR;
				CLANG_WARN_DOCUMENTATION_COMMENTS = YES;
				CLANG_WARN_EMPTY_BODY = YES;
				CLANG_WARN_ENUM_CONVERSION = YES;
				CLANG_WARN_INFINITE_RECURSION = YES;
				CLANG_WARN_INT_CONVERSION = YES;
				CLANG_WARN_NON_LITERAL_NULL_CONVERSION = YES;
				CLANG_WARN_OBJC_IMPLICIT_RETAIN_SELF = YES;
				CLANG_WARN_OBJC_LITERAL_CONVERSION = YES;
				CLANG_WARN_OBJC_ROOT_CLASS = YES_ERROR;
				CLANG_WARN_QUOTED_INCLUDE_IN_FRAMEWORK_HEADER = YES;
				CLANG_WARN_RANGE_LOOP_ANALYSIS = YES;
				CLANG_WARN_STRICT_PROTOTYPES = YES;
				CLANG_WARN_SUSPICIOUS_MOVE = YES;
				CLANG_WARN_UNGUARDED_AVAILABILITY = YES_AGGRESSIVE;
				CLANG_WARN_UNREACHABLE_CODE = YES;
				CLANG_WARN__DUPLICATE_METHOD_MATCH = YES;
				COPY_PHASE_STRIP = NO;
				DEBUG_INFORMATION_FORMAT = "dwarf-with-dsym";
				ENABLE_NS_ASSERTIONS = NO;
				ENABLE_STRICT_OBJC_MSGSEND = YES;
				GCC_C_LANGUAGE_STANDARD = gnu11;
				GCC_NO_COMMON_BLOCKS = YES;
				GCC_WARN_64_TO_32_BIT_CONVERSION = YES;
				GCC_WARN_ABOUT_RETURN_TYPE = YES_ERROR;
				GCC_WARN_UNDECLARED_SELECTOR = YES;
				GCC_WARN_UNINITIALIZED_AUTOS = YES_AGGRESSIVE;
				GCC_WARN_UNUSED_FUNCTION = YES;
				GCC_WARN_UNUSED_VARIABLE = YES;
				IPHONEOS_DEPLOYMENT_TARGET = 16.2;
				MTL_ENABLE_DEBUG_INFO = NO;
				MTL_FAST_MATH = YES;
				SDKROOT = iphoneos;
				SWIFT_COMPILATION_MODE = wholemodule;
				SWIFT_OPTIMIZATION_LEVEL = "-O";
				VALIDATE_PRODUCT = YES;
			};
			name = Release;
		};
		8879146E29A5957900B6EE6C /* Debug */ = {
			isa = XCBuildConfiguration;
			buildSettings = {
				ASSETCATALOG_COMPILER_APPICON_NAME = AppIcon;
				ASSETCATALOG_COMPILER_GLOBAL_ACCENT_COLOR_NAME = AccentColor;
				CODE_SIGN_STYLE = Automatic;
				CURRENT_PROJECT_VERSION = 1;
				DEVELOPMENT_ASSET_PATHS = "\"AppHIITFit/Preview Content\"";
				DEVELOPMENT_TEAM = 2RB6Z32558;
				ENABLE_PREVIEWS = YES;
				GENERATE_INFOPLIST_FILE = YES;
				INFOPLIST_KEY_UIApplicationSceneManifest_Generation = YES;
				INFOPLIST_KEY_UIApplicationSupportsIndirectInputEvents = YES;
				INFOPLIST_KEY_UILaunchScreen_Generation = YES;
				INFOPLIST_KEY_UISupportedInterfaceOrientations_iPad = "UIInterfaceOrientationPortrait UIInterfaceOrientationPortraitUpsideDown UIInterfaceOrientationLandscapeLeft UIInterfaceOrientationLandscapeRight";
				INFOPLIST_KEY_UISupportedInterfaceOrientations_iPhone = "UIInterfaceOrientationPortrait UIInterfaceOrientationLandscapeLeft UIInterfaceOrientationLandscapeRight";
				LD_RUNPATH_SEARCH_PATHS = (
					"$(inherited)",
					"@executable_path/Frameworks",
				);
				MARKETING_VERSION = 1.0;
				PRODUCT_BUNDLE_IDENTIFIER = staki.com.br.AppHIITFit;
				PRODUCT_NAME = "$(TARGET_NAME)";
				SWIFT_EMIT_LOC_STRINGS = YES;
				SWIFT_VERSION = 5.0;
				TARGETED_DEVICE_FAMILY = "1,2";
			};
			name = Debug;
		};
		8879146F29A5957900B6EE6C /* Release */ = {
			isa = XCBuildConfiguration;
			buildSettings = {
				ASSETCATALOG_COMPILER_APPICON_NAME = AppIcon;
				ASSETCATALOG_COMPILER_GLOBAL_ACCENT_COLOR_NAME = AccentColor;
				CODE_SIGN_STYLE = Automatic;
				CURRENT_PROJECT_VERSION = 1;
				DEVELOPMENT_ASSET_PATHS = "\"AppHIITFit/Preview Content\"";
				DEVELOPMENT_TEAM = 2RB6Z32558;
				ENABLE_PREVIEWS = YES;
				GENERATE_INFOPLIST_FILE = YES;
				INFOPLIST_KEY_UIApplicationSceneManifest_Generation = YES;
				INFOPLIST_KEY_UIApplicationSupportsIndirectInputEvents = YES;
				INFOPLIST_KEY_UILaunchScreen_Generation = YES;
				INFOPLIST_KEY_UISupportedInterfaceOrientations_iPad = "UIInterfaceOrientationPortrait UIInterfaceOrientationPortraitUpsideDown UIInterfaceOrientationLandscapeLeft UIInterfaceOrientationLandscapeRight";
				INFOPLIST_KEY_UISupportedInterfaceOrientations_iPhone = "UIInterfaceOrientationPortrait UIInterfaceOrientationLandscapeLeft UIInterfaceOrientationLandscapeRight";
				LD_RUNPATH_SEARCH_PATHS = (
					"$(inherited)",
					"@executable_path/Frameworks",
				);
				MARKETING_VERSION = 1.0;
				PRODUCT_BUNDLE_IDENTIFIER = staki.com.br.AppHIITFit;
				PRODUCT_NAME = "$(TARGET_NAME)";
				SWIFT_EMIT_LOC_STRINGS = YES;
				SWIFT_VERSION = 5.0;
				TARGETED_DEVICE_FAMILY = "1,2";
			};
			name = Release;
		};
/* End XCBuildConfiguration section */

/* Begin XCConfigurationList section */
		8879145A29A5957700B6EE6C /* Build configuration list for PBXProject "AppHIITFit" */ = {
			isa = XCConfigurationList;
			buildConfigurations = (
				8879146B29A5957900B6EE6C /* Debug */,
				8879146C29A5957900B6EE6C /* Release */,
			);
			defaultConfigurationIsVisible = 0;
			defaultConfigurationName = Release;
		};
		8879146D29A5957900B6EE6C /* Build configuration list for PBXNativeTarget "AppHIITFit" */ = {
			isa = XCConfigurationList;
			buildConfigurations = (
				8879146E29A5957900B6EE6C /* Debug */,
				8879146F29A5957900B6EE6C /* Release */,
			);
			defaultConfigurationIsVisible = 0;
			defaultConfigurationName = Release;
		};
/* End XCConfigurationList section */
	};
	rootObject = 8879145729A5957700B6EE6C /* Project object */;
}
